
Microsoft Visual Studio Solution File, Format Version 12.00
# Visual Studio Version 17
VisualStudioVersion = 17.9.34728.123
MinimumVisualStudioVersion = 10.0.40219.1
Project("{FAE04EC0-301F-11D3-BF4B-00C04F79EFBC}") = "KinoProjekt", "KinoProjekt\KinoProjekt.csproj", "{C7C77FFE-A246-4F07-916A-4F498AA3D91C}"
EndProject
Global
	GlobalSection(SolutionConfigurationPlatforms) = preSolution
		Debug|Any CPU = Debug|Any CPU
		Release|Any CPU = Release|Any CPU
	EndGlobalSection
	GlobalSection(ProjectConfigurationPlatforms) = postSolution
		{C7C77FFE-A246-4F07-916A-4F498AA3D91C}.Debug|Any CPU.ActiveCfg = Debug|Any CPU
		{C7C77FFE-A246-4F07-916A-4F498AA3D91C}.Debug|Any CPU.Build.0 = Debug|Any CPU
		{C7C77FFE-A246-4F07-916A-4F498AA3D91C}.Release|Any CPU.ActiveCfg = Release|Any CPU
		{C7C77FFE-A246-4F07-916A-4F498AA3D91C}.Release|Any CPU.Build.0 = Release|Any CPU
	EndGlobalSection
	GlobalSection(SolutionProperties) = preSolution
		HideSolutionNode = FALSE
	EndGlobalSection
	GlobalSection(ExtensibilityGlobals) = postSolution
		SolutionGuid = {00F5B98A-A2CA-45F5-AF6C-810823607960}
	EndGlobalSection
EndGlobal
